
Microsoft Visual Studio Solution File, Format Version 12.00
# Visual Studio Version 17
VisualStudioVersion = 17.14.36518.9 d17.14
MinimumVisualStudioVersion = 10.0.40219.1
Project("{FAE04EC0-301F-11D3-BF4B-00C04F79EFBC}") = "ToDoList", "ToDoList.csproj", "{A41E3DF3-2A3B-4AE6-B7A5-408EB7604922}"
EndProject
Global
	GlobalSection(SolutionConfigurationPlatforms) = preSolution
		Debug|Any CPU = Debug|Any CPU
		Release|Any CPU = Release|Any CPU
	EndGlobalSection
	GlobalSection(ProjectConfigurationPlatforms) = postSolution
		{A41E3DF3-2A3B-4AE6-B7A5-408EB7604922}.Debug|Any CPU.ActiveCfg = Debug|Any CPU
		{A41E3DF3-2A3B-4AE6-B7A5-408EB7604922}.Debug|Any CPU.Build.0 = Debug|Any CPU
		{A41E3DF3-2A3B-4AE6-B7A5-408EB7604922}.Release|Any CPU.ActiveCfg = Release|Any CPU
		{A41E3DF3-2A3B-4AE6-B7A5-408EB7604922}.Release|Any CPU.Build.0 = Release|Any CPU
	EndGlobalSection
	GlobalSection(SolutionProperties) = preSolution
		HideSolutionNode = FALSE
	EndGlobalSection
	GlobalSection(ExtensibilityGlobals) = postSolution
		SolutionGuid = {7AE70F96-DC24-4EB7-B4E8-B0BED9E3F49A}
	EndGlobalSection
EndGlobal
